
Microsoft Visual Studio Solution File, Format Version 12.00
# Visual Studio 15
VisualStudioVersion = 15.0.28307.757
MinimumVisualStudioVersion = 10.0.40219.1
Project("{FAE04EC0-301F-11D3-BF4B-00C04F79EFBC}") = "RGBImageTest", "RGBImageTest\RGBImageTest.csproj", "{6F242043-56B5-415E-873F-41A05356D58C}"
EndProject
Global
	GlobalSection(SolutionConfigurationPlatforms) = preSolution
		Debug|Any CPU = Debug|Any CPU
		Release|Any CPU = Release|Any CPU
	EndGlobalSection
	GlobalSection(ProjectConfigurationPlatforms) = postSolution
		{6F242043-56B5-415E-873F-41A05356D58C}.Debug|Any CPU.ActiveCfg = Debug|Any CPU
		{6F242043-56B5-415E-873F-41A05356D58C}.Debug|Any CPU.Build.0 = Debug|Any CPU
		{6F242043-56B5-415E-873F-41A05356D58C}.Release|Any CPU.ActiveCfg = Release|Any CPU
		{6F242043-56B5-415E-873F-41A05356D58C}.Release|Any CPU.Build.0 = Release|Any CPU
	EndGlobalSection
	GlobalSection(SolutionProperties) = preSolution
		HideSolutionNode = FALSE
	EndGlobalSection
	GlobalSection(ExtensibilityGlobals) = postSolution
		SolutionGuid = {818BD853-4F7A-451A-9650-8ACBB89221C5}
	EndGlobalSection
EndGlobal
